
Microsoft Visual Studio Solution File, Format Version 12.00
# Visual Studio Version 17
VisualStudioVersion = 17.12.35707.178
MinimumVisualStudioVersion = 10.0.40219.1
Project("{FAE04EC0-301F-11D3-BF4B-00C04F79EFBC}") = "BigQueryAPICall", "BigQueryAPICall.csproj", "{1F97688A-9CCB-42D0-A6F9-D7507D6A27D4}"
EndProject
Global
	GlobalSection(SolutionConfigurationPlatforms) = preSolution
		Debug|Any CPU = Debug|Any CPU
		Release|Any CPU = Release|Any CPU
	EndGlobalSection
	GlobalSection(ProjectConfigurationPlatforms) = postSolution
		{1F97688A-9CCB-42D0-A6F9-D7507D6A27D4}.Debug|Any CPU.ActiveCfg = Debug|Any CPU
		{1F97688A-9CCB-42D0-A6F9-D7507D6A27D4}.Debug|Any CPU.Build.0 = Debug|Any CPU
		{1F97688A-9CCB-42D0-A6F9-D7507D6A27D4}.Release|Any CPU.ActiveCfg = Release|Any CPU
		{1F97688A-9CCB-42D0-A6F9-D7507D6A27D4}.Release|Any CPU.Build.0 = Release|Any CPU
	EndGlobalSection
	GlobalSection(SolutionProperties) = preSolution
		HideSolutionNode = FALSE
	EndGlobalSection
	GlobalSection(ExtensibilityGlobals) = postSolution
		SolutionGuid = {B63E2FC6-ACC3-4DA4-B09B-6180BC58ADE8}
	EndGlobalSection
EndGlobal